// !$*UTF8*$!
{
	archiveVersion = 1;
	classes = {
	};
	objectVersion = 55;
	objects = {

/* Begin PBXBuildFile section */
		B92641732811412700645F32 /* HalfcabApp.swift in Sources */ = {isa = PBXBuildFile; fileRef = B92641722811412700645F32 /* HalfcabApp.swift */; };
		B92641752811412700645F32 /* ContentView.swift in Sources */ = {isa = PBXBuildFile; fileRef = B92641742811412700645F32 /* ContentView.swift */; };
		B92641772811412900645F32 /* Assets.xcassets in Resources */ = {isa = PBXBuildFile; fileRef = B92641762811412900645F32 /* Assets.xcassets */; };
		B926417A2811412900645F32 /* Preview Assets.xcassets in Resources */ = {isa = PBXBuildFile; fileRef = B92641792811412900645F32 /* Preview Assets.xcassets */; };
		B926418A28114ACB00645F32 /* headers.json in Resources */ = {isa = PBXBuildFile; fileRef = B926418628114ACB00645F32 /* headers.json */; };
		B926418B28114ACB00645F32 /* categories.json in Resources */ = {isa = PBXBuildFile; fileRef = B926418728114ACB00645F32 /* categories.json */; };
		B926418C28114ACB00645F32 /* boards.json in Resources */ = {isa = PBXBuildFile; fileRef = B926418828114ACB00645F32 /* boards.json */; };
		B926418D28114ACB00645F32 /* brands.json in Resources */ = {isa = PBXBuildFile; fileRef = B926418928114ACB00645F32 /* brands.json */; };
		B926419928117AE600645F32 /* SplashScreenView.swift in Sources */ = {isa = PBXBuildFile; fileRef = B926419828117AE600645F32 /* SplashScreenView.swift */; };
		B965A0F12819AAE10015732C /* CategoriesModel.swift in Sources */ = {isa = PBXBuildFile; fileRef = B965A0F02819AAE10015732C /* CategoriesModel.swift */; };
		B965A0F32819AECF0015732C /* CategoryItemView.swift in Sources */ = {isa = PBXBuildFile; fileRef = B965A0F22819AECF0015732C /* CategoryItemView.swift */; };
		B965A0F52819B3880015732C /* CategoryGridView.swift in Sources */ = {isa = PBXBuildFile; fileRef = B965A0F42819B3880015732C /* CategoryGridView.swift */; };
		B965A0F72819BFE00015732C /* SectionView.swift in Sources */ = {isa = PBXBuildFile; fileRef = B965A0F62819BFE00015732C /* SectionView.swift */; };
		B965A0F92819C5700015732C /* BrandModel.swift in Sources */ = {isa = PBXBuildFile; fileRef = B965A0F82819C5700015732C /* BrandModel.swift */; };
		B965A0FB2819C6090015732C /* BrandItemView.swift in Sources */ = {isa = PBXBuildFile; fileRef = B965A0FA2819C6090015732C /* BrandItemView.swift */; };
		B965A0FD2819C7230015732C /* BrandGridView.swift in Sources */ = {isa = PBXBuildFile; fileRef = B965A0FC2819C7230015732C /* BrandGridView.swift */; };
		B965A0FF2819C8450015732C /* TitleView.swift in Sources */ = {isa = PBXBuildFile; fileRef = B965A0FE2819C8450015732C /* TitleView.swift */; };
		B98684BE2811A45C0092321B /* HeaderModel.swift in Sources */ = {isa = PBXBuildFile; fileRef = B98684BD2811A45C0092321B /* HeaderModel.swift */; };
		B98684C02811A4D50092321B /* CodableBundleExtension.swift in Sources */ = {isa = PBXBuildFile; fileRef = B98684BF2811A4D50092321B /* CodableBundleExtension.swift */; };
		B98684C22811A6290092321B /* HeaderItemView.swift in Sources */ = {isa = PBXBuildFile; fileRef = B98684C12811A6290092321B /* HeaderItemView.swift */; };
		B98684C42811A8880092321B /* HeaderTabView.swift in Sources */ = {isa = PBXBuildFile; fileRef = B98684C32811A8880092321B /* HeaderTabView.swift */; };
		B9A087C9281FC85D001A42C5 /* DeckItemView.swift in Sources */ = {isa = PBXBuildFile; fileRef = B9A087C8281FC85D001A42C5 /* DeckItemView.swift */; };
		B9A087CB281FCF63001A42C5 /* BoardModel.swift in Sources */ = {isa = PBXBuildFile; fileRef = B9A087CA281FCF63001A42C5 /* BoardModel.swift */; };
		B9BF2D8828118B0A00422BA3 /* Constant.swift in Sources */ = {isa = PBXBuildFile; fileRef = B9BF2D8728118B0A00422BA3 /* Constant.swift */; };
		B9BF2D8C2811923E00422BA3 /* ProximaNova-Black.ttf in Resources */ = {isa = PBXBuildFile; fileRef = B92641902811722800645F32 /* ProximaNova-Black.ttf */; };
		B9BF2D8D2811924500422BA3 /* ProximaNova-Bold.ttf in Resources */ = {isa = PBXBuildFile; fileRef = B92641912811722800645F32 /* ProximaNova-Bold.ttf */; };
		B9BF2D8E2811924800422BA3 /* ProximaNova-Extrabld.ttf in Resources */ = {isa = PBXBuildFile; fileRef = B926418F2811722800645F32 /* ProximaNova-Extrabld.ttf */; };
		B9BF2D8F2811924A00422BA3 /* ProximaNova-Light.ttf in Resources */ = {isa = PBXBuildFile; fileRef = B92641922811722800645F32 /* ProximaNova-Light.ttf */; };
		B9BF2D902811924D00422BA3 /* ProximaNova-Regular.ttf in Resources */ = {isa = PBXBuildFile; fileRef = B92641932811722800645F32 /* ProximaNova-Regular.ttf */; };
		B9BF2D912811924F00422BA3 /* ProximaNova-Semibold.ttf in Resources */ = {isa = PBXBuildFile; fileRef = B92641942811722800645F32 /* ProximaNova-Semibold.ttf */; };
		B9BF2D932811969700422BA3 /* NavigationBarView.swift in Sources */ = {isa = PBXBuildFile; fileRef = B9BF2D922811969700422BA3 /* NavigationBarView.swift */; };
		B9BF2D95281197AF00422BA3 /* LogoView.swift in Sources */ = {isa = PBXBuildFile; fileRef = B9BF2D94281197AF00422BA3 /* LogoView.swift */; };
		B9BF2D9828119D1B00422BA3 /* FooterView.swift in Sources */ = {isa = PBXBuildFile; fileRef = B9BF2D9728119D1B00422BA3 /* FooterView.swift */; };
		B9EAF83D282448320040AA16 /* BoardDetailView.swift in Sources */ = {isa = PBXBuildFile; fileRef = B9EAF83C282448320040AA16 /* BoardDetailView.swift */; };
		B9EAF83F28244A190040AA16 /* NavigationBarDetailView.swift in Sources */ = {isa = PBXBuildFile; fileRef = B9EAF83E28244A190040AA16 /* NavigationBarDetailView.swift */; };
		B9EAF84228244BEC0040AA16 /* HeaderDetailView.swift in Sources */ = {isa = PBXBuildFile; fileRef = B9EAF84128244BEC0040AA16 /* HeaderDetailView.swift */; };
		B9EAF84428244D2F0040AA16 /* TopPartDetailView.swift in Sources */ = {isa = PBXBuildFile; fileRef = B9EAF84328244D2F0040AA16 /* TopPartDetailView.swift */; };
/* End PBXBuildFile section */

/* Begin PBXFileReference section */
		B926416F2811412700645F32 /* Halfcab.app */ = {isa = PBXFileReference; explicitFileType = wrapper.application; includeInIndex = 0; path = Halfcab.app; sourceTree = BUILT_PRODUCTS_DIR; };
		B92641722811412700645F32 /* HalfcabApp.swift */ = {isa = PBXFileReference; lastKnownFileType = sourcecode.swift; path = HalfcabApp.swift; sourceTree = "<group>"; };
		B92641742811412700645F32 /* ContentView.swift */ = {isa = PBXFileReference; lastKnownFileType = sourcecode.swift; path = ContentView.swift; sourceTree = "<group>"; };
		B92641762811412900645F32 /* Assets.xcassets */ = {isa = PBXFileReference; lastKnownFileType = folder.assetcatalog; path = Assets.xcassets; sourceTree = "<group>"; };
		B92641792811412900645F32 /* Preview Assets.xcassets */ = {isa = PBXFileReference; lastKnownFileType = folder.assetcatalog; path = "Preview Assets.xcassets"; sourceTree = "<group>"; };
		B926418628114ACB00645F32 /* headers.json */ = {isa = PBXFileReference; fileEncoding = 4; lastKnownFileType = text.json; path = headers.json; sourceTree = "<group>"; };
		B926418728114ACB00645F32 /* categories.json */ = {isa = PBXFileReference; fileEncoding = 4; lastKnownFileType = text.json; path = categories.json; sourceTree = "<group>"; };
		B926418828114ACB00645F32 /* boards.json */ = {isa = PBXFileReference; fileEncoding = 4; lastKnownFileType = text.json; path = boards.json; sourceTree = "<group>"; };
		B926418928114ACB00645F32 /* brands.json */ = {isa = PBXFileReference; fileEncoding = 4; lastKnownFileType = text.json; path = brands.json; sourceTree = "<group>"; };
		B926418F2811722800645F32 /* ProximaNova-Extrabld.ttf */ = {isa = PBXFileReference; lastKnownFileType = file; path = "ProximaNova-Extrabld.ttf"; sourceTree = "<group>"; };
		B92641902811722800645F32 /* ProximaNova-Black.ttf */ = {isa = PBXFileReference; lastKnownFileType = file; path = "ProximaNova-Black.ttf"; sourceTree = "<group>"; };
		B92641912811722800645F32 /* ProximaNova-Bold.ttf */ = {isa = PBXFileReference; lastKnownFileType = file; path = "ProximaNova-Bold.ttf"; sourceTree = "<group>"; };
		B92641922811722800645F32 /* ProximaNova-Light.ttf */ = {isa = PBXFileReference; lastKnownFileType = file; path = "ProximaNova-Light.ttf"; sourceTree = "<group>"; };
		B92641932811722800645F32 /* ProximaNova-Regular.ttf */ = {isa = PBXFileReference; lastKnownFileType = file; path = "ProximaNova-Regular.ttf"; sourceTree = "<group>"; };
		B92641942811722800645F32 /* ProximaNova-Semibold.ttf */ = {isa = PBXFileReference; lastKnownFileType = file; path = "ProximaNova-Semibold.ttf"; sourceTree = "<group>"; };
		B92641952811735500645F32 /* Info.plist */ = {isa = PBXFileReference; lastKnownFileType = text.plist; path = Info.plist; sourceTree = "<group>"; };
		B926419828117AE600645F32 /* SplashScreenView.swift */ = {isa = PBXFileReference; lastKnownFileType = sourcecode.swift; path = SplashScreenView.swift; sourceTree = "<group>"; };
		B965A0F02819AAE10015732C /* CategoriesModel.swift */ = {isa = PBXFileReference; lastKnownFileType = sourcecode.swift; path = CategoriesModel.swift; sourceTree = "<group>"; };
		B965A0F22819AECF0015732C /* CategoryItemView.swift */ = {isa = PBXFileReference; lastKnownFileType = sourcecode.swift; path = CategoryItemView.swift; sourceTree = "<group>"; };
		B965A0F42819B3880015732C /* CategoryGridView.swift */ = {isa = PBXFileReference; lastKnownFileType = sourcecode.swift; path = CategoryGridView.swift; sourceTree = "<group>"; };
		B965A0F62819BFE00015732C /* SectionView.swift */ = {isa = PBXFileReference; lastKnownFileType = sourcecode.swift; path = SectionView.swift; sourceTree = "<group>"; };
		B965A0F82819C5700015732C /* BrandModel.swift */ = {isa = PBXFileReference; lastKnownFileType = sourcecode.swift; path = BrandModel.swift; sourceTree = "<group>"; };
		B965A0FA2819C6090015732C /* BrandItemView.swift */ = {isa = PBXFileReference; lastKnownFileType = sourcecode.swift; path = BrandItemView.swift; sourceTree = "<group>"; };
		B965A0FC2819C7230015732C /* BrandGridView.swift */ = {isa = PBXFileReference; lastKnownFileType = sourcecode.swift; path = BrandGridView.swift; sourceTree = "<group>"; };
		B965A0FE2819C8450015732C /* TitleView.swift */ = {isa = PBXFileReference; lastKnownFileType = sourcecode.swift; path = TitleView.swift; sourceTree = "<group>"; };
		B98684BD2811A45C0092321B /* HeaderModel.swift */ = {isa = PBXFileReference; lastKnownFileType = sourcecode.swift; path = HeaderModel.swift; sourceTree = "<group>"; };
		B98684BF2811A4D50092321B /* CodableBundleExtension.swift */ = {isa = PBXFileReference; lastKnownFileType = sourcecode.swift; path = CodableBundleExtension.swift; sourceTree = "<group>"; };
		B98684C12811A6290092321B /* HeaderItemView.swift */ = {isa = PBXFileReference; lastKnownFileType = sourcecode.swift; path = HeaderItemView.swift; sourceTree = "<group>"; };
		B98684C32811A8880092321B /* HeaderTabView.swift */ = {isa = PBXFileReference; lastKnownFileType = sourcecode.swift; path = HeaderTabView.swift; sourceTree = "<group>"; };
		B9A087C8281FC85D001A42C5 /* DeckItemView.swift */ = {isa = PBXFileReference; lastKnownFileType = sourcecode.swift; path = DeckItemView.swift; sourceTree = "<group>"; };
		B9A087CA281FCF63001A42C5 /* BoardModel.swift */ = {isa = PBXFileReference; lastKnownFileType = sourcecode.swift; path = BoardModel.swift; sourceTree = "<group>"; };
		B9BF2D8728118B0A00422BA3 /* Constant.swift */ = {isa = PBXFileReference; lastKnownFileType = sourcecode.swift; path = Constant.swift; sourceTree = "<group>"; };
		B9BF2D922811969700422BA3 /* NavigationBarView.swift */ = {isa = PBXFileReference; lastKnownFileType = sourcecode.swift; path = NavigationBarView.swift; sourceTree = "<group>"; };
		B9BF2D94281197AF00422BA3 /* LogoView.swift */ = {isa = PBXFileReference; lastKnownFileType = sourcecode.swift; path = LogoView.swift; sourceTree = "<group>"; };
		B9BF2D9728119D1B00422BA3 /* FooterView.swift */ = {isa = PBXFileReference; lastKnownFileType = sourcecode.swift; path = FooterView.swift; sourceTree = "<group>"; };
		B9EAF83C282448320040AA16 /* BoardDetailView.swift */ = {isa = PBXFileReference; lastKnownFileType = sourcecode.swift; path = BoardDetailView.swift; sourceTree = "<group>"; };
		B9EAF83E28244A190040AA16 /* NavigationBarDetailView.swift */ = {isa = PBXFileReference; lastKnownFileType = sourcecode.swift; path = NavigationBarDetailView.swift; sourceTree = "<group>"; };
		B9EAF84128244BEC0040AA16 /* HeaderDetailView.swift */ = {isa = PBXFileReference; lastKnownFileType = sourcecode.swift; path = HeaderDetailView.swift; sourceTree = "<group>"; };
		B9EAF84328244D2F0040AA16 /* TopPartDetailView.swift */ = {isa = PBXFileReference; lastKnownFileType = sourcecode.swift; path = TopPartDetailView.swift; sourceTree = "<group>"; };
/* End PBXFileReference section */

/* Begin PBXFrameworksBuildPhase section */
		B926416C2811412700645F32 /* Frameworks */ = {
			isa = PBXFrameworksBuildPhase;
			buildActionMask = 2147483647;
			files = (
			);
			runOnlyForDeploymentPostprocessing = 0;
		};
/* End PBXFrameworksBuildPhase section */

/* Begin PBXGroup section */
		B92641662811412700645F32 = {
			isa = PBXGroup;
			children = (
				B92641712811412700645F32 /* Halfcab */,
				B92641702811412700645F32 /* Products */,
			);
			sourceTree = "<group>";
		};
		B92641702811412700645F32 /* Products */ = {
			isa = PBXGroup;
			children = (
				B926416F2811412700645F32 /* Halfcab.app */,
			);
			name = Products;
			sourceTree = "<group>";
		};
		B92641712811412700645F32 /* Halfcab */ = {
			isa = PBXGroup;
			children = (
				B92641802811415100645F32 /* App */,
				B92641812811415C00645F32 /* View */,
				B9264184281141AB00645F32 /* Model */,
				B92641822811416900645F32 /* Data */,
				B92641832811419A00645F32 /* Extension */,
				B9264185281141B800645F32 /* Utility */,
				B926418E2811719100645F32 /* Fonts */,
				B92641782811412900645F32 /* Preview Content */,
				B92641762811412900645F32 /* Assets.xcassets */,
				B92641952811735500645F32 /* Info.plist */,
			);
			path = Halfcab;
			sourceTree = "<group>";
		};
		B92641782811412900645F32 /* Preview Content */ = {
			isa = PBXGroup;
			children = (
				B92641792811412900645F32 /* Preview Assets.xcassets */,
			);
			path = "Preview Content";
			sourceTree = "<group>";
		};
		B92641802811415100645F32 /* App */ = {
			isa = PBXGroup;
			children = (
				B92641722811412700645F32 /* HalfcabApp.swift */,
				B92641742811412700645F32 /* ContentView.swift */,
				B926419828117AE600645F32 /* SplashScreenView.swift */,
				B9EAF83C282448320040AA16 /* BoardDetailView.swift */,
			);
			path = App;
			sourceTree = "<group>";
		};
		B92641812811415C00645F32 /* View */ = {
			isa = PBXGroup;
			children = (
				B9EAF84028244BB80040AA16 /* Detail */,
				B9BF2D8928118DFB00422BA3 /* Home */,
			);
			path = View;
			sourceTree = "<group>";
		};
		B92641822811416900645F32 /* Data */ = {
			isa = PBXGroup;
			children = (
				B926418928114ACB00645F32 /* brands.json */,
				B926418728114ACB00645F32 /* categories.json */,
				B926418628114ACB00645F32 /* headers.json */,
				B926418828114ACB00645F32 /* boards.json */,
			);
			path = Data;
			sourceTree = "<group>";
		};
		B92641832811419A00645F32 /* Extension */ = {
			isa = PBXGroup;
			children = (
				B98684BF2811A4D50092321B /* CodableBundleExtension.swift */,
			);
			path = Extension;
			sourceTree = "<group>";
		};
		B9264184281141AB00645F32 /* Model */ = {
			isa = PBXGroup;
			children = (
				B98684BD2811A45C0092321B /* HeaderModel.swift */,
				B965A0F02819AAE10015732C /* CategoriesModel.swift */,
				B965A0F82819C5700015732C /* BrandModel.swift */,
				B9A087CA281FCF63001A42C5 /* BoardModel.swift */,
			);
			path = Model;
			sourceTree = "<group>";
		};
		B9264185281141B800645F32 /* Utility */ = {
			isa = PBXGroup;
			children = (
				B9BF2D8728118B0A00422BA3 /* Constant.swift */,
			);
			path = Utility;
			sourceTree = "<group>";
		};
		B926418E2811719100645F32 /* Fonts */ = {
			isa = PBXGroup;
			children = (
				B92641902811722800645F32 /* ProximaNova-Black.ttf */,
				B92641912811722800645F32 /* ProximaNova-Bold.ttf */,
				B926418F2811722800645F32 /* ProximaNova-Extrabld.ttf */,
				B92641922811722800645F32 /* ProximaNova-Light.ttf */,
				B92641932811722800645F32 /* ProximaNova-Regular.ttf */,
				B92641942811722800645F32 /* ProximaNova-Semibold.ttf */,
			);
			path = Fonts;
			sourceTree = "<group>";
		};
		B9BF2D8928118DFB00422BA3 /* Home */ = {
			isa = PBXGroup;
			children = (
				B9BF2D922811969700422BA3 /* NavigationBarView.swift */,
				B9BF2D94281197AF00422BA3 /* LogoView.swift */,
				B9BF2D9728119D1B00422BA3 /* FooterView.swift */,
				B98684C12811A6290092321B /* HeaderItemView.swift */,
				B98684C32811A8880092321B /* HeaderTabView.swift */,
				B965A0F22819AECF0015732C /* CategoryItemView.swift */,
				B965A0F42819B3880015732C /* CategoryGridView.swift */,
				B965A0F62819BFE00015732C /* SectionView.swift */,
				B965A0FA2819C6090015732C /* BrandItemView.swift */,
				B965A0FC2819C7230015732C /* BrandGridView.swift */,
				B965A0FE2819C8450015732C /* TitleView.swift */,
				B9A087C8281FC85D001A42C5 /* DeckItemView.swift */,
			);
			path = Home;
			sourceTree = "<group>";
		};
		B9EAF84028244BB80040AA16 /* Detail */ = {
			isa = PBXGroup;
			children = (
				B9EAF83E28244A190040AA16 /* NavigationBarDetailView.swift */,
				B9EAF84128244BEC0040AA16 /* HeaderDetailView.swift */,
				B9EAF84328244D2F0040AA16 /* TopPartDetailView.swift */,
			);
			path = Detail;
			sourceTree = "<group>";
		};
/* End PBXGroup section */

/* Begin PBXNativeTarget section */
		B926416E2811412700645F32 /* Halfcab */ = {
			isa = PBXNativeTarget;
			buildConfigurationList = B926417D2811412900645F32 /* Build configuration list for PBXNativeTarget "Halfcab" */;
			buildPhases = (
				B926416B2811412700645F32 /* Sources */,
				B926416C2811412700645F32 /* Frameworks */,
				B926416D2811412700645F32 /* Resources */,
			);
			buildRules = (
			);
			dependencies = (
			);
			name = Halfcab;
			productName = Halfcab;
			productReference = B926416F2811412700645F32 /* Halfcab.app */;
			productType = "com.apple.product-type.application";
		};
/* End PBXNativeTarget section */

/* Begin PBXProject section */
		B92641672811412700645F32 /* Project object */ = {
			isa = PBXProject;
			attributes = {
				BuildIndependentTargetsInParallel = 1;
				LastSwiftUpdateCheck = 1330;
				LastUpgradeCheck = 1330;
				TargetAttributes = {
					B926416E2811412700645F32 = {
						CreatedOnToolsVersion = 13.3.1;
					};
				};
			};
			buildConfigurationList = B926416A2811412700645F32 /* Build configuration list for PBXProject "Halfcab" */;
			compatibilityVersion = "Xcode 13.0";
			developmentRegion = en;
			hasScannedForEncodings = 0;
			knownRegions = (
				en,
				Base,
			);
			mainGroup = B92641662811412700645F32;
			productRefGroup = B92641702811412700645F32 /* Products */;
			projectDirPath = "";
			projectRoot = "";
			targets = (
				B926416E2811412700645F32 /* Halfcab */,
			);
		};
/* End PBXProject section */

/* Begin PBXResourcesBuildPhase section */
		B926416D2811412700645F32 /* Resources */ = {
			isa = PBXResourcesBuildPhase;
			buildActionMask = 2147483647;
			files = (
				B9BF2D902811924D00422BA3 /* ProximaNova-Regular.ttf in Resources */,
				B9BF2D8F2811924A00422BA3 /* ProximaNova-Light.ttf in Resources */,
				B926418A28114ACB00645F32 /* headers.json in Resources */,
				B926417A2811412900645F32 /* Preview Assets.xcassets in Resources */,
				B9BF2D8E2811924800422BA3 /* ProximaNova-Extrabld.ttf in Resources */,
				B9BF2D8D2811924500422BA3 /* ProximaNova-Bold.ttf in Resources */,
				B92641772811412900645F32 /* Assets.xcassets in Resources */,
				B9BF2D8C2811923E00422BA3 /* ProximaNova-Black.ttf in Resources */,
				B9BF2D912811924F00422BA3 /* ProximaNova-Semibold.ttf in Resources */,
				B926418B28114ACB00645F32 /* categories.json in Resources */,
				B926418C28114ACB00645F32 /* boards.json in Resources */,
				B926418D28114ACB00645F32 /* brands.json in Resources */,
			);
			runOnlyForDeploymentPostprocessing = 0;
		};
/* End PBXResourcesBuildPhase section */

/* Begin PBXSourcesBuildPhase section */
		B926416B2811412700645F32 /* Sources */ = {
			isa = PBXSourcesBuildPhase;
			buildActionMask = 2147483647;
			files = (
				B965A0F52819B3880015732C /* CategoryGridView.swift in Sources */,
				B92641752811412700645F32 /* ContentView.swift in Sources */,
				B965A0FB2819C6090015732C /* BrandItemView.swift in Sources */,
				B965A0F72819BFE00015732C /* SectionView.swift in Sources */,
				B965A0F92819C5700015732C /* BrandModel.swift in Sources */,
				B92641732811412700645F32 /* HalfcabApp.swift in Sources */,
				B9BF2D932811969700422BA3 /* NavigationBarView.swift in Sources */,
				B965A0F12819AAE10015732C /* CategoriesModel.swift in Sources */,
				B9EAF84228244BEC0040AA16 /* HeaderDetailView.swift in Sources */,
				B9EAF84428244D2F0040AA16 /* TopPartDetailView.swift in Sources */,
				B926419928117AE600645F32 /* SplashScreenView.swift in Sources */,
				B9BF2D95281197AF00422BA3 /* LogoView.swift in Sources */,
				B9EAF83F28244A190040AA16 /* NavigationBarDetailView.swift in Sources */,
				B965A0FD2819C7230015732C /* BrandGridView.swift in Sources */,
				B98684C42811A8880092321B /* HeaderTabView.swift in Sources */,
				B9EAF83D282448320040AA16 /* BoardDetailView.swift in Sources */,
				B9BF2D9828119D1B00422BA3 /* FooterView.swift in Sources */,
				B98684C22811A6290092321B /* HeaderItemView.swift in Sources */,
				B965A0FF2819C8450015732C /* TitleView.swift in Sources */,
				B9A087CB281FCF63001A42C5 /* BoardModel.swift in Sources */,
				B9A087C9281FC85D001A42C5 /* DeckItemView.swift in Sources */,
				B98684BE2811A45C0092321B /* HeaderModel.swift in Sources */,
				B965A0F32819AECF0015732C /* CategoryItemView.swift in Sources */,
				B9BF2D8828118B0A00422BA3 /* Constant.swift in Sources */,
				B98684C02811A4D50092321B /* CodableBundleExtension.swift in Sources */,
			);
			runOnlyForDeploymentPostprocessing = 0;
		};
/* End PBXSourcesBuildPhase section */

/* Begin XCBuildConfiguration section */
		B926417B2811412900645F32 /* Debug */ = {
			isa = XCBuildConfiguration;
			buildSettings = {
				ALWAYS_SEARCH_USER_PATHS = NO;
				CLANG_ANALYZER_NONNULL = YES;
				CLANG_ANALYZER_NUMBER_OBJECT_CONVERSION = YES_AGGRESSIVE;
				CLANG_CXX_LANGUAGE_STANDARD = "gnu++17";
				CLANG_ENABLE_MODULES = YES;
				CLANG_ENABLE_OBJC_ARC = YES;
				CLANG_ENABLE_OBJC_WEAK = YES;
				CLANG_WARN_BLOCK_CAPTURE_AUTORELEASING = YES;
				CLANG_WARN_BOOL_CONVERSION = YES;
				CLANG_WARN_COMMA = YES;
				CLANG_WARN_CONSTANT_CONVERSION = YES;
				CLANG_WARN_DEPRECATED_OBJC_IMPLEMENTATIONS = YES;
				CLANG_WARN_DIRECT_OBJC_ISA_USAGE = YES_ERROR;
				CLANG_WARN_DOCUMENTATION_COMMENTS = YES;
				CLANG_WARN_EMPTY_BODY = YES;
				CLANG_WARN_ENUM_CONVERSION = YES;
				CLANG_WARN_INFINITE_RECURSION = YES;
				CLANG_WARN_INT_CONVERSION = YES;
				CLANG_WARN_NON_LITERAL_NULL_CONVERSION = YES;
				CLANG_WARN_OBJC_IMPLICIT_RETAIN_SELF = YES;
				CLANG_WARN_OBJC_LITERAL_CONVERSION = YES;
				CLANG_WARN_OBJC_ROOT_CLASS = YES_ERROR;
				CLANG_WARN_QUOTED_INCLUDE_IN_FRAMEWORK_HEADER = YES;
				CLANG_WARN_RANGE_LOOP_ANALYSIS = YES;
				CLANG_WARN_STRICT_PROTOTYPES = YES;
				CLANG_WARN_SUSPICIOUS_MOVE = YES;
				CLANG_WARN_UNGUARDED_AVAILABILITY = YES_AGGRESSIVE;
				CLANG_WARN_UNREACHABLE_CODE = YES;
				CLANG_WARN__DUPLICATE_METHOD_MATCH = YES;
				COPY_PHASE_STRIP = NO;
				DEBUG_INFORMATION_FORMAT = dwarf;
				ENABLE_STRICT_OBJC_MSGSEND = YES;
				ENABLE_TESTABILITY = YES;
				GCC_C_LANGUAGE_STANDARD = gnu11;
				GCC_DYNAMIC_NO_PIC = NO;
				GCC_NO_COMMON_BLOCKS = YES;
				GCC_OPTIMIZATION_LEVEL = 0;
				GCC_PREPROCESSOR_DEFINITIONS = (
					"DEBUG=1",
					"$(inherited)",
				);
				GCC_WARN_64_TO_32_BIT_CONVERSION = YES;
				GCC_WARN_ABOUT_RETURN_TYPE = YES_ERROR;
				GCC_WARN_UNDECLARED_SELECTOR = YES;
				GCC_WARN_UNINITIALIZED_AUTOS = YES_AGGRESSIVE;
				GCC_WARN_UNUSED_FUNCTION = YES;
				GCC_WARN_UNUSED_VARIABLE = YES;
				IPHONEOS_DEPLOYMENT_TARGET = 14.4;
				MTL_ENABLE_DEBUG_INFO = INCLUDE_SOURCE;
				MTL_FAST_MATH = YES;
				ONLY_ACTIVE_ARCH = YES;
				SDKROOT = iphoneos;
				SWIFT_ACTIVE_COMPILATION_CONDITIONS = DEBUG;
				SWIFT_OPTIMIZATION_LEVEL = "-Onone";
			};
			name = Debug;
		};
		B926417C2811412900645F32 /* Release */ = {
			isa = XCBuildConfiguration;
			buildSettings = {
				ALWAYS_SEARCH_USER_PATHS = NO;
				CLANG_ANALYZER_NONNULL = YES;
				CLANG_ANALYZER_NUMBER_OBJECT_CONVERSION = YES_AGGRESSIVE;
				CLANG_CXX_LANGUAGE_STANDARD = "gnu++17";
				CLANG_ENABLE_MODULES = YES;
				CLANG_ENABLE_OBJC_ARC = YES;
				CLANG_ENABLE_OBJC_WEAK = YES;
				CLANG_WARN_BLOCK_CAPTURE_AUTORELEASING = YES;
				CLANG_WARN_BOOL_CONVERSION = YES;
				CLANG_WARN_COMMA = YES;
				CLANG_WARN_CONSTANT_CONVERSION = YES;
				CLANG_WARN_DEPRECATED_OBJC_IMPLEMENTATIONS = YES;
				CLANG_WARN_DIRECT_OBJC_ISA_USAGE = YES_ERROR;
				CLANG_WARN_DOCUMENTATION_COMMENTS = YES;
				CLANG_WARN_EMPTY_BODY = YES;
				CLANG_WARN_ENUM_CONVERSION = YES;
				CLANG_WARN_INFINITE_RECURSION = YES;
				CLANG_WARN_INT_CONVERSION = YES;
				CLANG_WARN_NON_LITERAL_NULL_CONVERSION = YES;
				CLANG_WARN_OBJC_IMPLICIT_RETAIN_SELF = YES;
				CLANG_WARN_OBJC_LITERAL_CONVERSION = YES;
				CLANG_WARN_OBJC_ROOT_CLASS = YES_ERROR;
				CLANG_WARN_QUOTED_INCLUDE_IN_FRAMEWORK_HEADER = YES;
				CLANG_WARN_RANGE_LOOP_ANALYSIS = YES;
				CLANG_WARN_STRICT_PROTOTYPES = YES;
				CLANG_WARN_SUSPICIOUS_MOVE = YES;
				CLANG_WARN_UNGUARDED_AVAILABILITY = YES_AGGRESSIVE;
				CLANG_WARN_UNREACHABLE_CODE = YES;
				CLANG_WARN__DUPLICATE_METHOD_MATCH = YES;
				COPY_PHASE_STRIP = NO;
				DEBUG_INFORMATION_FORMAT = "dwarf-with-dsym";
				ENABLE_NS_ASSERTIONS = NO;
				ENABLE_STRICT_OBJC_MSGSEND = YES;
				GCC_C_LANGUAGE_STANDARD = gnu11;
				GCC_NO_COMMON_BLOCKS = YES;
				GCC_WARN_64_TO_32_BIT_CONVERSION = YES;
				GCC_WARN_ABOUT_RETURN_TYPE = YES_ERROR;
				GCC_WARN_UNDECLARED_SELECTOR = YES;
				GCC_WARN_UNINITIALIZED_AUTOS = YES_AGGRESSIVE;
				GCC_WARN_UNUSED_FUNCTION = YES;
				GCC_WARN_UNUSED_VARIABLE = YES;
				IPHONEOS_DEPLOYMENT_TARGET = 14.4;
				MTL_ENABLE_DEBUG_INFO = NO;
				MTL_FAST_MATH = YES;
				SDKROOT = iphoneos;
				SWIFT_COMPILATION_MODE = wholemodule;
				SWIFT_OPTIMIZATION_LEVEL = "-O";
				VALIDATE_PRODUCT = YES;
			};
			name = Release;
		};
		B926417E2811412900645F32 /* Debug */ = {
			isa = XCBuildConfiguration;
			buildSettings = {
				ASSETCATALOG_COMPILER_APPICON_NAME = AppIcon;
				ASSETCATALOG_COMPILER_GLOBAL_ACCENT_COLOR_NAME = AccentColor;
				CODE_SIGN_STYLE = Automatic;
				CURRENT_PROJECT_VERSION = 1;
				DEVELOPMENT_ASSET_PATHS = "\"Halfcab/Preview Content\"";
				DEVELOPMENT_TEAM = QU577HR376;
				ENABLE_PREVIEWS = YES;
				GENERATE_INFOPLIST_FILE = YES;
				INFOPLIST_FILE = Halfcab/Info.plist;
				INFOPLIST_KEY_UIApplicationSceneManifest_Generation = YES;
				INFOPLIST_KEY_UIApplicationSupportsIndirectInputEvents = YES;
				INFOPLIST_KEY_UILaunchScreen_Generation = YES;
				INFOPLIST_KEY_UIRequiresFullScreen = YES;
				INFOPLIST_KEY_UISupportedInterfaceOrientations = UIInterfaceOrientationPortrait;
				INFOPLIST_KEY_UISupportedInterfaceOrientations_iPad = UIInterfaceOrientationPortrait;
				INFOPLIST_KEY_UISupportedInterfaceOrientations_iPhone = UIInterfaceOrientationPortrait;
				INFOPLIST_KEY_UIUserInterfaceStyle = Light;
				IPHONEOS_DEPLOYMENT_TARGET = 14.0;
				LD_RUNPATH_SEARCH_PATHS = (
					"$(inherited)",
					"@executable_path/Frameworks",
				);
				MARKETING_VERSION = 1.0;
				PRODUCT_BUNDLE_IDENTIFIER = com.rihardsproject.Halfcab;
				PRODUCT_NAME = "$(TARGET_NAME)";
				SWIFT_EMIT_LOC_STRINGS = YES;
				SWIFT_VERSION = 5.0;
				TARGETED_DEVICE_FAMILY = "1,2";
			};
			name = Debug;
		};
		B926417F2811412900645F32 /* Release */ = {
			isa = XCBuildConfiguration;
			buildSettings = {
				ASSETCATALOG_COMPILER_APPICON_NAME = AppIcon;
				ASSETCATALOG_COMPILER_GLOBAL_ACCENT_COLOR_NAME = AccentColor;
				CODE_SIGN_STYLE = Automatic;
				CURRENT_PROJECT_VERSION = 1;
				DEVELOPMENT_ASSET_PATHS = "\"Halfcab/Preview Content\"";
				DEVELOPMENT_TEAM = QU577HR376;
				ENABLE_PREVIEWS = YES;
				GENERATE_INFOPLIST_FILE = YES;
				INFOPLIST_FILE = Halfcab/Info.plist;
				INFOPLIST_KEY_UIApplicationSceneManifest_Generation = YES;
				INFOPLIST_KEY_UIApplicationSupportsIndirectInputEvents = YES;
				INFOPLIST_KEY_UILaunchScreen_Generation = YES;
				INFOPLIST_KEY_UIRequiresFullScreen = YES;
				INFOPLIST_KEY_UISupportedInterfaceOrientations = UIInterfaceOrientationPortrait;
				INFOPLIST_KEY_UISupportedInterfaceOrientations_iPad = UIInterfaceOrientationPortrait;
				INFOPLIST_KEY_UISupportedInterfaceOrientations_iPhone = UIInterfaceOrientationPortrait;
				INFOPLIST_KEY_UIUserInterfaceStyle = Light;
				IPHONEOS_DEPLOYMENT_TARGET = 14.0;
				LD_RUNPATH_SEARCH_PATHS = (
					"$(inherited)",
					"@executable_path/Frameworks",
				);
				MARKETING_VERSION = 1.0;
				PRODUCT_BUNDLE_IDENTIFIER = com.rihardsproject.Halfcab;
				PRODUCT_NAME = "$(TARGET_NAME)";
				SWIFT_EMIT_LOC_STRINGS = YES;
				SWIFT_VERSION = 5.0;
				TARGETED_DEVICE_FAMILY = "1,2";
			};
			name = Release;
		};
/* End XCBuildConfiguration section */

/* Begin XCConfigurationList section */
		B926416A2811412700645F32 /* Build configuration list for PBXProject "Halfcab" */ = {
			isa = XCConfigurationList;
			buildConfigurations = (
				B926417B2811412900645F32 /* Debug */,
				B926417C2811412900645F32 /* Release */,
			);
			defaultConfigurationIsVisible = 0;
			defaultConfigurationName = Release;
		};
		B926417D2811412900645F32 /* Build configuration list for PBXNativeTarget "Halfcab" */ = {
			isa = XCConfigurationList;
			buildConfigurations = (
				B926417E2811412900645F32 /* Debug */,
				B926417F2811412900645F32 /* Release */,
			);
			defaultConfigurationIsVisible = 0;
			defaultConfigurationName = Release;
		};
/* End XCConfigurationList section */
	};
	rootObject = B92641672811412700645F32 /* Project object */;
}
